
Microsoft Visual Studio Solution File, Format Version 12.00
# Visual Studio Version 17
VisualStudioVersion = 17.11.35327.3
MinimumVisualStudioVersion = 10.0.40219.1
Project("{FAE04EC0-301F-11D3-BF4B-00C04F79EFBC}") = "CanineKingdom", "CanineKingdom\CanineKingdom.csproj", "{80954019-4F8A-4398-98DF-4E76130F4C0C}"
EndProject
Global
	GlobalSection(SolutionConfigurationPlatforms) = preSolution
		Debug|Any CPU = Debug|Any CPU
		Release|Any CPU = Release|Any CPU
	EndGlobalSection
	GlobalSection(ProjectConfigurationPlatforms) = postSolution
		{80954019-4F8A-4398-98DF-4E76130F4C0C}.Debug|Any CPU.ActiveCfg = Debug|Any CPU
		{80954019-4F8A-4398-98DF-4E76130F4C0C}.Debug|Any CPU.Build.0 = Debug|Any CPU
		{80954019-4F8A-4398-98DF-4E76130F4C0C}.Release|Any CPU.ActiveCfg = Release|Any CPU
		{80954019-4F8A-4398-98DF-4E76130F4C0C}.Release|Any CPU.Build.0 = Release|Any CPU
	EndGlobalSection
	GlobalSection(SolutionProperties) = preSolution
		HideSolutionNode = FALSE
	EndGlobalSection
	GlobalSection(ExtensibilityGlobals) = postSolution
		SolutionGuid = {C43B730C-28EC-4E87-9CB5-2AA22DF8826D}
	EndGlobalSection
EndGlobal
